// !$*UTF8*$!
{
	archiveVersion = 1;
	classes = {
	};
	objectVersion = 46;
	objects = {

/* Begin PBXBuildFile section */
		4F77D6F71FF527C0007FBF55 /* main.cpp in Sources */ = {isa = PBXBuildFile; fileRef = 4F77D6F61FF527C0007FBF55 /* main.cpp */; };
		4F77D6FF1FF5280B007FBF55 /* XAudioRecord.cpp in Sources */ = {isa = PBXBuildFile; fileRef = 4F77D6FD1FF5280B007FBF55 /* XAudioRecord.cpp */; };
		4F77D7021FFB0EA1007FBF55 /* XData.cpp in Sources */ = {isa = PBXBuildFile; fileRef = 4F77D7001FFB0EA1007FBF55 /* XData.cpp */; };
		4F77D7051FFCA464007FBF55 /* XMedioEncode.cpp in Sources */ = {isa = PBXBuildFile; fileRef = 4F77D7031FFCA464007FBF55 /* XMedioEncode.cpp */; };
		4FB95CDA2005AEB10093EFE1 /* XVedioRecord.cpp in Sources */ = {isa = PBXBuildFile; fileRef = 4FB95CD82005AEB10093EFE1 /* XVedioRecord.cpp */; };
		4FDD473320044BAF0059C239 /* XRtmp.cpp in Sources */ = {isa = PBXBuildFile; fileRef = 4FDD473120044BAF0059C239 /* XRtmp.cpp */; };
/* End PBXBuildFile section */

/* Begin PBXCopyFilesBuildPhase section */
		4F77D6F11FF527C0007FBF55 /* CopyFiles */ = {
			isa = PBXCopyFilesBuildPhase;
			buildActionMask = 2147483647;
			dstPath = /usr/share/man/man1/;
			dstSubfolderSpec = 0;
			files = (
			);
			runOnlyForDeploymentPostprocessing = 1;
		};
/* End PBXCopyFilesBuildPhase section */

/* Begin PBXFileReference section */
		4F77D6F31FF527C0007FBF55 /* audioVedioToRtmp */ = {isa = PBXFileReference; explicitFileType = "compiled.mach-o.executable"; includeInIndex = 0; path = audioVedioToRtmp; sourceTree = BUILT_PRODUCTS_DIR; };
		4F77D6F61FF527C0007FBF55 /* main.cpp */ = {isa = PBXFileReference; lastKnownFileType = sourcecode.cpp.cpp; path = main.cpp; sourceTree = "<group>"; };
		4F77D6FD1FF5280B007FBF55 /* XAudioRecord.cpp */ = {isa = PBXFileReference; fileEncoding = 4; lastKnownFileType = sourcecode.cpp.cpp; path = XAudioRecord.cpp; sourceTree = "<group>"; };
		4F77D6FE1FF5280B007FBF55 /* XAudioRecord.hpp */ = {isa = PBXFileReference; fileEncoding = 4; lastKnownFileType = sourcecode.cpp.h; path = XAudioRecord.hpp; sourceTree = "<group>"; };
		4F77D7001FFB0EA1007FBF55 /* XData.cpp */ = {isa = PBXFileReference; fileEncoding = 4; lastKnownFileType = sourcecode.cpp.cpp; path = XData.cpp; sourceTree = "<group>"; };
		4F77D7011FFB0EA1007FBF55 /* XData.hpp */ = {isa = PBXFileReference; fileEncoding = 4; lastKnownFileType = sourcecode.cpp.h; path = XData.hpp; sourceTree = "<group>"; };
		4F77D7031FFCA464007FBF55 /* XMedioEncode.cpp */ = {isa = PBXFileReference; fileEncoding = 4; lastKnownFileType = sourcecode.cpp.cpp; path = XMedioEncode.cpp; sourceTree = "<group>"; };
		4F77D7041FFCA464007FBF55 /* XMedioEncode.hpp */ = {isa = PBXFileReference; fileEncoding = 4; lastKnownFileType = sourcecode.cpp.h; path = XMedioEncode.hpp; sourceTree = "<group>"; };
		4FB95CD82005AEB10093EFE1 /* XVedioRecord.cpp */ = {isa = PBXFileReference; fileEncoding = 4; lastKnownFileType = sourcecode.cpp.cpp; path = XVedioRecord.cpp; sourceTree = "<group>"; };
		4FB95CD92005AEB10093EFE1 /* XVedioRecord.hpp */ = {isa = PBXFileReference; fileEncoding = 4; lastKnownFileType = sourcecode.cpp.h; path = XVedioRecord.hpp; sourceTree = "<group>"; };
		4FDD473120044BAF0059C239 /* XRtmp.cpp */ = {isa = PBXFileReference; fileEncoding = 4; lastKnownFileType = sourcecode.cpp.cpp; path = XRtmp.cpp; sourceTree = "<group>"; };
		4FDD473220044BAF0059C239 /* XRtmp.hpp */ = {isa = PBXFileReference; fileEncoding = 4; lastKnownFileType = sourcecode.cpp.h; path = XRtmp.hpp; sourceTree = "<group>"; };
/* End PBXFileReference section */

/* Begin PBXFrameworksBuildPhase section */
		4F77D6F01FF527C0007FBF55 /* Frameworks */ = {
			isa = PBXFrameworksBuildPhase;
			buildActionMask = 2147483647;
			files = (
			);
			runOnlyForDeploymentPostprocessing = 0;
		};
/* End PBXFrameworksBuildPhase section */

/* Begin PBXGroup section */
		4F77D6EA1FF527C0007FBF55 = {
			isa = PBXGroup;
			children = (
				4F77D6F51FF527C0007FBF55 /* audioVedioToRtmp */,
				4F77D6F41FF527C0007FBF55 /* Products */,
			);
			sourceTree = "<group>";
		};
		4F77D6F41FF527C0007FBF55 /* Products */ = {
			isa = PBXGroup;
			children = (
				4F77D6F31FF527C0007FBF55 /* audioVedioToRtmp */,
			);
			name = Products;
			sourceTree = "<group>";
		};
		4F77D6F51FF527C0007FBF55 /* audioVedioToRtmp */ = {
			isa = PBXGroup;
			children = (
				4F77D6F61FF527C0007FBF55 /* main.cpp */,
				4F77D6FD1FF5280B007FBF55 /* XAudioRecord.cpp */,
				4F77D6FE1FF5280B007FBF55 /* XAudioRecord.hpp */,
				4F77D7001FFB0EA1007FBF55 /* XData.cpp */,
				4F77D7011FFB0EA1007FBF55 /* XData.hpp */,
				4F77D7031FFCA464007FBF55 /* XMedioEncode.cpp */,
				4F77D7041FFCA464007FBF55 /* XMedioEncode.hpp */,
				4FDD473120044BAF0059C239 /* XRtmp.cpp */,
				4FDD473220044BAF0059C239 /* XRtmp.hpp */,
				4FB95CD82005AEB10093EFE1 /* XVedioRecord.cpp */,
				4FB95CD92005AEB10093EFE1 /* XVedioRecord.hpp */,
			);
			path = audioVedioToRtmp;
			sourceTree = "<group>";
		};
/* End PBXGroup section */

/* Begin PBXNativeTarget section */
		4F77D6F21FF527C0007FBF55 /* audioVedioToRtmp */ = {
			isa = PBXNativeTarget;
			buildConfigurationList = 4F77D6FA1FF527C0007FBF55 /* Build configuration list for PBXNativeTarget "audioVedioToRtmp" */;
			buildPhases = (
				4F77D6EF1FF527C0007FBF55 /* Sources */,
				4F77D6F01FF527C0007FBF55 /* Frameworks */,
				4F77D6F11FF527C0007FBF55 /* CopyFiles */,
			);
			buildRules = (
			);
			dependencies = (
			);
			name = audioVedioToRtmp;
			productName = audioVedioToRtmp;
			productReference = 4F77D6F31FF527C0007FBF55 /* audioVedioToRtmp */;
			productType = "com.apple.product-type.tool";
		};
/* End PBXNativeTarget section */

/* Begin PBXProject section */
		4F77D6EB1FF527C0007FBF55 /* Project object */ = {
			isa = PBXProject;
			attributes = {
				LastUpgradeCheck = 0810;
				ORGANIZATIONNAME = tangwei;
				TargetAttributes = {
					4F77D6F21FF527C0007FBF55 = {
						CreatedOnToolsVersion = 8.1;
						ProvisioningStyle = Automatic;
					};
				};
			};
			buildConfigurationList = 4F77D6EE1FF527C0007FBF55 /* Build configuration list for PBXProject "audioVedioToRtmp" */;
			compatibilityVersion = "Xcode 3.2";
			developmentRegion = English;
			hasScannedForEncodings = 0;
			knownRegions = (
				en,
			);
			mainGroup = 4F77D6EA1FF527C0007FBF55;
			productRefGroup = 4F77D6F41FF527C0007FBF55 /* Products */;
			projectDirPath = "";
			projectRoot = "";
			targets = (
				4F77D6F21FF527C0007FBF55 /* audioVedioToRtmp */,
			);
		};
/* End PBXProject section */

/* Begin PBXSourcesBuildPhase section */
		4F77D6EF1FF527C0007FBF55 /* Sources */ = {
			isa = PBXSourcesBuildPhase;
			buildActionMask = 2147483647;
			files = (
				4FDD473320044BAF0059C239 /* XRtmp.cpp in Sources */,
				4F77D6FF1FF5280B007FBF55 /* XAudioRecord.cpp in Sources */,
				4F77D7051FFCA464007FBF55 /* XMedioEncode.cpp in Sources */,
				4FB95CDA2005AEB10093EFE1 /* XVedioRecord.cpp in Sources */,
				4F77D6F71FF527C0007FBF55 /* main.cpp in Sources */,
				4F77D7021FFB0EA1007FBF55 /* XData.cpp in Sources */,
			);
			runOnlyForDeploymentPostprocessing = 0;
		};
/* End PBXSourcesBuildPhase section */

/* Begin XCBuildConfiguration section */
		4F77D6F81FF527C0007FBF55 /* Debug */ = {
			isa = XCBuildConfiguration;
			buildSettings = {
				ALWAYS_SEARCH_USER_PATHS = NO;
				CLANG_ANALYZER_NONNULL = YES;
				CLANG_CXX_LANGUAGE_STANDARD = "gnu++0x";
				CLANG_CXX_LIBRARY = "libc++";
				CLANG_ENABLE_MODULES = YES;
				CLANG_ENABLE_OBJC_ARC = YES;
				CLANG_WARN_BOOL_CONVERSION = YES;
				CLANG_WARN_CONSTANT_CONVERSION = YES;
				CLANG_WARN_DIRECT_OBJC_ISA_USAGE = YES_ERROR;
				CLANG_WARN_DOCUMENTATION_COMMENTS = YES;
				CLANG_WARN_EMPTY_BODY = YES;
				CLANG_WARN_ENUM_CONVERSION = YES;
				CLANG_WARN_INFINITE_RECURSION = YES;
				CLANG_WARN_INT_CONVERSION = YES;
				CLANG_WARN_OBJC_ROOT_CLASS = YES_ERROR;
				CLANG_WARN_SUSPICIOUS_MOVES = YES;
				CLANG_WARN_UNREACHABLE_CODE = YES;
				CLANG_WARN__DUPLICATE_METHOD_MATCH = YES;
				CODE_SIGN_IDENTITY = "-";
				COPY_PHASE_STRIP = NO;
				DEBUG_INFORMATION_FORMAT = dwarf;
				ENABLE_STRICT_OBJC_MSGSEND = YES;
				ENABLE_TESTABILITY = YES;
				GCC_C_LANGUAGE_STANDARD = gnu99;
				GCC_DYNAMIC_NO_PIC = NO;
				GCC_NO_COMMON_BLOCKS = YES;
				GCC_OPTIMIZATION_LEVEL = 0;
				GCC_PREPROCESSOR_DEFINITIONS = (
					"DEBUG=1",
					"$(inherited)",
				);
				GCC_WARN_64_TO_32_BIT_CONVERSION = YES;
				GCC_WARN_ABOUT_RETURN_TYPE = YES_ERROR;
				GCC_WARN_UNDECLARED_SELECTOR = YES;
				GCC_WARN_UNINITIALIZED_AUTOS = YES_AGGRESSIVE;
				GCC_WARN_UNUSED_FUNCTION = YES;
				GCC_WARN_UNUSED_VARIABLE = YES;
				MACOSX_DEPLOYMENT_TARGET = 10.11;
				MTL_ENABLE_DEBUG_INFO = YES;
				ONLY_ACTIVE_ARCH = YES;
				SDKROOT = macosx;
			};
			name = Debug;
		};
		4F77D6F91FF527C0007FBF55 /* Release */ = {
			isa = XCBuildConfiguration;
			buildSettings = {
				ALWAYS_SEARCH_USER_PATHS = NO;
				CLANG_ANALYZER_NONNULL = YES;
				CLANG_CXX_LANGUAGE_STANDARD = "gnu++0x";
				CLANG_CXX_LIBRARY = "libc++";
				CLANG_ENABLE_MODULES = YES;
				CLANG_ENABLE_OBJC_ARC = YES;
				CLANG_WARN_BOOL_CONVERSION = YES;
				CLANG_WARN_CONSTANT_CONVERSION = YES;
				CLANG_WARN_DIRECT_OBJC_ISA_USAGE = YES_ERROR;
				CLANG_WARN_DOCUMENTATION_COMMENTS = YES;
				CLANG_WARN_EMPTY_BODY = YES;
				CLANG_WARN_ENUM_CONVERSION = YES;
				CLANG_WARN_INFINITE_RECURSION = YES;
				CLANG_WARN_INT_CONVERSION = YES;
				CLANG_WARN_OBJC_ROOT_CLASS = YES_ERROR;
				CLANG_WARN_SUSPICIOUS_MOVES = YES;
				CLANG_WARN_UNREACHABLE_CODE = YES;
				CLANG_WARN__DUPLICATE_METHOD_MATCH = YES;
				CODE_SIGN_IDENTITY = "-";
				COPY_PHASE_STRIP = NO;
				DEBUG_INFORMATION_FORMAT = "dwarf-with-dsym";
				ENABLE_NS_ASSERTIONS = NO;
				ENABLE_STRICT_OBJC_MSGSEND = YES;
				GCC_C_LANGUAGE_STANDARD = gnu99;
				GCC_NO_COMMON_BLOCKS = YES;
				GCC_WARN_64_TO_32_BIT_CONVERSION = YES;
				GCC_WARN_ABOUT_RETURN_TYPE = YES_ERROR;
				GCC_WARN_UNDECLARED_SELECTOR = YES;
				GCC_WARN_UNINITIALIZED_AUTOS = YES_AGGRESSIVE;
				GCC_WARN_UNUSED_FUNCTION = YES;
				GCC_WARN_UNUSED_VARIABLE = YES;
				MACOSX_DEPLOYMENT_TARGET = 10.11;
				MTL_ENABLE_DEBUG_INFO = NO;
				SDKROOT = macosx;
			};
			name = Release;
		};
		4F77D6FB1FF527C0007FBF55 /* Debug */ = {
			isa = XCBuildConfiguration;
			buildSettings = {
				HEADER_SEARCH_PATHS = ../../include;
				LD_RUNPATH_SEARCH_PATHS = /Users/tangwei/Desktop/live/lib;
				LIBRARY_SEARCH_PATHS = ../../lib;
				OTHER_LDFLAGS = (
					"-lQt5Core",
					"-lQt5Multimedia",
					"-lswresample",
					"-lavutil",
					"-lavcodec",
					"-lavformat",
					"-lswscale",
					"-lQt5Network",
					"-lswscale",
					"-lQt5Gui",
					"-lopencv_highgui",
					"-lopencv_core",
					"-lopencv_videoio",
					"-lavformat",
				);
				PRODUCT_NAME = "$(TARGET_NAME)";
				USER_HEADER_SEARCH_PATHS = ../../include;
			};
			name = Debug;
		};
		4F77D6FC1FF527C0007FBF55 /* Release */ = {
			isa = XCBuildConfiguration;
			buildSettings = {
				HEADER_SEARCH_PATHS = ../../include;
				LD_RUNPATH_SEARCH_PATHS = /Users/tangwei/Desktop/live/lib;
				LIBRARY_SEARCH_PATHS = ../../lib;
				OTHER_LDFLAGS = (
					"-lQt5Core",
					"-lQt5Multimedia",
					"-lswresample",
					"-lavutil",
					"-lavcodec",
					"-lavformat",
					"-lswscale",
					"-lQt5Network",
					"-lswscale",
					"-lQt5Gui",
					"-lopencv_highgui",
					"-lopencv_core",
					"-lopencv_videoio",
					"-lavformat",
				);
				PRODUCT_NAME = "$(TARGET_NAME)";
				USER_HEADER_SEARCH_PATHS = ../../include;
			};
			name = Release;
		};
/* End XCBuildConfiguration section */

/* Begin XCConfigurationList section */
		4F77D6EE1FF527C0007FBF55 /* Build configuration list for PBXProject "audioVedioToRtmp" */ = {
			isa = XCConfigurationList;
			buildConfigurations = (
				4F77D6F81FF527C0007FBF55 /* Debug */,
				4F77D6F91FF527C0007FBF55 /* Release */,
			);
			defaultConfigurationIsVisible = 0;
			defaultConfigurationName = Release;
		};
		4F77D6FA1FF527C0007FBF55 /* Build configuration list for PBXNativeTarget "audioVedioToRtmp" */ = {
			isa = XCConfigurationList;
			buildConfigurations = (
				4F77D6FB1FF527C0007FBF55 /* Debug */,
				4F77D6FC1FF527C0007FBF55 /* Release */,
			);
			defaultConfigurationIsVisible = 0;
			defaultConfigurationName = Release;
		};
/* End XCConfigurationList section */
	};
	rootObject = 4F77D6EB1FF527C0007FBF55 /* Project object */;
}
