// !$*UTF8*$!
{
	archiveVersion = 1;
	classes = {
	};
	objectVersion = 46;
	objects = {

/* Begin PBXBuildFile section */
		4F028A611FA6BD280043E216 /* main.cpp in Sources */ = {isa = PBXBuildFile; fileRef = 4F028A601FA6BD280043E216 /* main.cpp */; };
		4FB225141FC3C66500239DE2 /* XMedioEncode.cpp in Sources */ = {isa = PBXBuildFile; fileRef = 4FB225121FC3C66500239DE2 /* XMedioEncode.cpp */; };
		4FB2251A1FC6547600239DE2 /* XRtmp.cpp in Sources */ = {isa = PBXBuildFile; fileRef = 4FB225181FC6547600239DE2 /* XRtmp.cpp */; };
/* End PBXBuildFile section */

/* Begin PBXCopyFilesBuildPhase section */
		4F028A5B1FA6BD280043E216 /* CopyFiles */ = {
			isa = PBXCopyFilesBuildPhase;
			buildActionMask = 2147483647;
			dstPath = /usr/share/man/man1/;
			dstSubfolderSpec = 0;
			files = (
			);
			runOnlyForDeploymentPostprocessing = 1;
		};
/* End PBXCopyFilesBuildPhase section */

/* Begin PBXFileReference section */
		4F028A5D1FA6BD280043E216 /* rtsp_to_rtmp */ = {isa = PBXFileReference; explicitFileType = "compiled.mach-o.executable"; includeInIndex = 0; path = rtsp_to_rtmp; sourceTree = BUILT_PRODUCTS_DIR; };
		4F028A601FA6BD280043E216 /* main.cpp */ = {isa = PBXFileReference; lastKnownFileType = sourcecode.cpp.cpp; path = main.cpp; sourceTree = "<group>"; };
		4F028A671FA701CE0043E216 /* makefile */ = {isa = PBXFileReference; fileEncoding = 4; lastKnownFileType = sourcecode.make; path = makefile; sourceTree = "<group>"; };
		4FB225121FC3C66500239DE2 /* XMedioEncode.cpp */ = {isa = PBXFileReference; fileEncoding = 4; lastKnownFileType = sourcecode.cpp.cpp; path = XMedioEncode.cpp; sourceTree = "<group>"; };
		4FB225131FC3C66500239DE2 /* XMedioEncode.hpp */ = {isa = PBXFileReference; fileEncoding = 4; lastKnownFileType = sourcecode.cpp.h; path = XMedioEncode.hpp; sourceTree = "<group>"; };
		4FB225181FC6547600239DE2 /* XRtmp.cpp */ = {isa = PBXFileReference; fileEncoding = 4; lastKnownFileType = sourcecode.cpp.cpp; path = XRtmp.cpp; sourceTree = "<group>"; };
		4FB225191FC6547600239DE2 /* XRtmp.hpp */ = {isa = PBXFileReference; fileEncoding = 4; lastKnownFileType = sourcecode.cpp.h; path = XRtmp.hpp; sourceTree = "<group>"; };
/* End PBXFileReference section */

/* Begin PBXFrameworksBuildPhase section */
		4F028A5A1FA6BD280043E216 /* Frameworks */ = {
			isa = PBXFrameworksBuildPhase;
			buildActionMask = 2147483647;
			files = (
			);
			runOnlyForDeploymentPostprocessing = 0;
		};
/* End PBXFrameworksBuildPhase section */

/* Begin PBXGroup section */
		4F028A541FA6BD280043E216 = {
			isa = PBXGroup;
			children = (
				4F028A5F1FA6BD280043E216 /* rtsp_to_rtmp */,
				4F028A5E1FA6BD280043E216 /* Products */,
			);
			sourceTree = "<group>";
		};
		4F028A5E1FA6BD280043E216 /* Products */ = {
			isa = PBXGroup;
			children = (
				4F028A5D1FA6BD280043E216 /* rtsp_to_rtmp */,
			);
			name = Products;
			sourceTree = "<group>";
		};
		4F028A5F1FA6BD280043E216 /* rtsp_to_rtmp */ = {
			isa = PBXGroup;
			children = (
				4F028A601FA6BD280043E216 /* main.cpp */,
				4F028A671FA701CE0043E216 /* makefile */,
				4FB225121FC3C66500239DE2 /* XMedioEncode.cpp */,
				4FB225131FC3C66500239DE2 /* XMedioEncode.hpp */,
				4FB225181FC6547600239DE2 /* XRtmp.cpp */,
				4FB225191FC6547600239DE2 /* XRtmp.hpp */,
			);
			path = rtsp_to_rtmp;
			sourceTree = "<group>";
		};
/* End PBXGroup section */

/* Begin PBXNativeTarget section */
		4F028A5C1FA6BD280043E216 /* rtsp_to_rtmp */ = {
			isa = PBXNativeTarget;
			buildConfigurationList = 4F028A641FA6BD280043E216 /* Build configuration list for PBXNativeTarget "rtsp_to_rtmp" */;
			buildPhases = (
				4F028A591FA6BD280043E216 /* Sources */,
				4F028A5A1FA6BD280043E216 /* Frameworks */,
				4F028A5B1FA6BD280043E216 /* CopyFiles */,
			);
			buildRules = (
			);
			dependencies = (
			);
			name = rtsp_to_rtmp;
			productName = rtsp_to_rtmp;
			productReference = 4F028A5D1FA6BD280043E216 /* rtsp_to_rtmp */;
			productType = "com.apple.product-type.tool";
		};
/* End PBXNativeTarget section */

/* Begin PBXProject section */
		4F028A551FA6BD280043E216 /* Project object */ = {
			isa = PBXProject;
			attributes = {
				LastUpgradeCheck = 0810;
				ORGANIZATIONNAME = tangwei;
				TargetAttributes = {
					4F028A5C1FA6BD280043E216 = {
						CreatedOnToolsVersion = 8.1;
						ProvisioningStyle = Automatic;
					};
				};
			};
			buildConfigurationList = 4F028A581FA6BD280043E216 /* Build configuration list for PBXProject "rtsp_to_rtmp" */;
			compatibilityVersion = "Xcode 3.2";
			developmentRegion = English;
			hasScannedForEncodings = 0;
			knownRegions = (
				en,
			);
			mainGroup = 4F028A541FA6BD280043E216;
			productRefGroup = 4F028A5E1FA6BD280043E216 /* Products */;
			projectDirPath = "";
			projectRoot = "";
			targets = (
				4F028A5C1FA6BD280043E216 /* rtsp_to_rtmp */,
			);
		};
/* End PBXProject section */

/* Begin PBXSourcesBuildPhase section */
		4F028A591FA6BD280043E216 /* Sources */ = {
			isa = PBXSourcesBuildPhase;
			buildActionMask = 2147483647;
			files = (
				4F028A611FA6BD280043E216 /* main.cpp in Sources */,
				4FB2251A1FC6547600239DE2 /* XRtmp.cpp in Sources */,
				4FB225141FC3C66500239DE2 /* XMedioEncode.cpp in Sources */,
			);
			runOnlyForDeploymentPostprocessing = 0;
		};
/* End PBXSourcesBuildPhase section */

/* Begin XCBuildConfiguration section */
		4F028A621FA6BD280043E216 /* Debug */ = {
			isa = XCBuildConfiguration;
			buildSettings = {
				ALWAYS_SEARCH_USER_PATHS = NO;
				CLANG_ANALYZER_NONNULL = YES;
				CLANG_CXX_LANGUAGE_STANDARD = "gnu++0x";
				CLANG_CXX_LIBRARY = "libc++";
				CLANG_ENABLE_MODULES = YES;
				CLANG_ENABLE_OBJC_ARC = YES;
				CLANG_WARN_BOOL_CONVERSION = YES;
				CLANG_WARN_CONSTANT_CONVERSION = YES;
				CLANG_WARN_DIRECT_OBJC_ISA_USAGE = YES_ERROR;
				CLANG_WARN_DOCUMENTATION_COMMENTS = YES;
				CLANG_WARN_EMPTY_BODY = YES;
				CLANG_WARN_ENUM_CONVERSION = YES;
				CLANG_WARN_INFINITE_RECURSION = YES;
				CLANG_WARN_INT_CONVERSION = YES;
				CLANG_WARN_OBJC_ROOT_CLASS = YES_ERROR;
				CLANG_WARN_SUSPICIOUS_MOVES = YES;
				CLANG_WARN_UNREACHABLE_CODE = YES;
				CLANG_WARN__DUPLICATE_METHOD_MATCH = YES;
				CODE_SIGN_IDENTITY = "-";
				COPY_PHASE_STRIP = NO;
				DEBUG_INFORMATION_FORMAT = dwarf;
				ENABLE_STRICT_OBJC_MSGSEND = YES;
				ENABLE_TESTABILITY = YES;
				GCC_C_LANGUAGE_STANDARD = gnu99;
				GCC_DYNAMIC_NO_PIC = NO;
				GCC_NO_COMMON_BLOCKS = YES;
				GCC_OPTIMIZATION_LEVEL = 0;
				GCC_PREPROCESSOR_DEFINITIONS = (
					"DEBUG=1",
					"$(inherited)",
				);
				GCC_WARN_64_TO_32_BIT_CONVERSION = YES;
				GCC_WARN_ABOUT_RETURN_TYPE = YES_ERROR;
				GCC_WARN_UNDECLARED_SELECTOR = YES;
				GCC_WARN_UNINITIALIZED_AUTOS = YES_AGGRESSIVE;
				GCC_WARN_UNUSED_FUNCTION = YES;
				GCC_WARN_UNUSED_VARIABLE = YES;
				MACOSX_DEPLOYMENT_TARGET = 10.11;
				MTL_ENABLE_DEBUG_INFO = YES;
				ONLY_ACTIVE_ARCH = YES;
				SDKROOT = macosx;
			};
			name = Debug;
		};
		4F028A631FA6BD280043E216 /* Release */ = {
			isa = XCBuildConfiguration;
			buildSettings = {
				ALWAYS_SEARCH_USER_PATHS = NO;
				CLANG_ANALYZER_NONNULL = YES;
				CLANG_CXX_LANGUAGE_STANDARD = "gnu++0x";
				CLANG_CXX_LIBRARY = "libc++";
				CLANG_ENABLE_MODULES = YES;
				CLANG_ENABLE_OBJC_ARC = YES;
				CLANG_WARN_BOOL_CONVERSION = YES;
				CLANG_WARN_CONSTANT_CONVERSION = YES;
				CLANG_WARN_DIRECT_OBJC_ISA_USAGE = YES_ERROR;
				CLANG_WARN_DOCUMENTATION_COMMENTS = YES;
				CLANG_WARN_EMPTY_BODY = YES;
				CLANG_WARN_ENUM_CONVERSION = YES;
				CLANG_WARN_INFINITE_RECURSION = YES;
				CLANG_WARN_INT_CONVERSION = YES;
				CLANG_WARN_OBJC_ROOT_CLASS = YES_ERROR;
				CLANG_WARN_SUSPICIOUS_MOVES = YES;
				CLANG_WARN_UNREACHABLE_CODE = YES;
				CLANG_WARN__DUPLICATE_METHOD_MATCH = YES;
				CODE_SIGN_IDENTITY = "-";
				COPY_PHASE_STRIP = NO;
				DEBUG_INFORMATION_FORMAT = "dwarf-with-dsym";
				ENABLE_NS_ASSERTIONS = NO;
				ENABLE_STRICT_OBJC_MSGSEND = YES;
				GCC_C_LANGUAGE_STANDARD = gnu99;
				GCC_NO_COMMON_BLOCKS = YES;
				GCC_WARN_64_TO_32_BIT_CONVERSION = YES;
				GCC_WARN_ABOUT_RETURN_TYPE = YES_ERROR;
				GCC_WARN_UNDECLARED_SELECTOR = YES;
				GCC_WARN_UNINITIALIZED_AUTOS = YES_AGGRESSIVE;
				GCC_WARN_UNUSED_FUNCTION = YES;
				GCC_WARN_UNUSED_VARIABLE = YES;
				MACOSX_DEPLOYMENT_TARGET = 10.11;
				MTL_ENABLE_DEBUG_INFO = NO;
				SDKROOT = macosx;
			};
			name = Release;
		};
		4F028A651FA6BD280043E216 /* Debug */ = {
			isa = XCBuildConfiguration;
			buildSettings = {
				HEADER_SEARCH_PATHS = (
					../../include,
					../../include,
				);
				LIBRARY_SEARCH_PATHS = (
					../../lib,
					../../lib,
				);
				OTHER_LDFLAGS = (
					"-lopencv_videoio",
					"-lopencv_core",
					"-lopencv_highgui",
					"-lswscale",
					"-lavutil",
					"-lavcodec",
					"-lavformat",
					"-lswresample",
				);
				PRODUCT_NAME = "$(TARGET_NAME)";
				USER_HEADER_SEARCH_PATHS = "../../include ../../include";
			};
			name = Debug;
		};
		4F028A661FA6BD280043E216 /* Release */ = {
			isa = XCBuildConfiguration;
			buildSettings = {
				HEADER_SEARCH_PATHS = (
					../../include,
					../../include,
				);
				LIBRARY_SEARCH_PATHS = (
					../../lib,
					../../lib,
				);
				OTHER_LDFLAGS = (
					"-lopencv_videoio",
					"-lopencv_core",
					"-lopencv_highgui",
					"-lswscale",
					"-lavutil",
					"-lavcodec",
					"-lavformat",
					"-lswresample",
				);
				PRODUCT_NAME = "$(TARGET_NAME)";
				USER_HEADER_SEARCH_PATHS = "../../include ../../include";
			};
			name = Release;
		};
/* End XCBuildConfiguration section */

/* Begin XCConfigurationList section */
		4F028A581FA6BD280043E216 /* Build configuration list for PBXProject "rtsp_to_rtmp" */ = {
			isa = XCConfigurationList;
			buildConfigurations = (
				4F028A621FA6BD280043E216 /* Debug */,
				4F028A631FA6BD280043E216 /* Release */,
			);
			defaultConfigurationIsVisible = 0;
			defaultConfigurationName = Release;
		};
		4F028A641FA6BD280043E216 /* Build configuration list for PBXNativeTarget "rtsp_to_rtmp" */ = {
			isa = XCConfigurationList;
			buildConfigurations = (
				4F028A651FA6BD280043E216 /* Debug */,
				4F028A661FA6BD280043E216 /* Release */,
			);
			defaultConfigurationIsVisible = 0;
			defaultConfigurationName = Release;
		};
/* End XCConfigurationList section */
	};
	rootObject = 4F028A551FA6BD280043E216 /* Project object */;
}
