// !$*UTF8*$!
{
	archiveVersion = 1;
	classes = {
	};
	objectVersion = 46;
	objects = {

/* Begin PBXBuildFile section */
		4F32EBD51F8C81CA00FD6DE1 /* XUdp.cpp in Sources */ = {isa = PBXBuildFile; fileRef = 4F32EBD31F8C81CA00FD6DE1 /* XUdp.cpp */; };
/* End PBXBuildFile section */

/* Begin PBXCopyFilesBuildPhase section */
		4F4BEA631F720602008B74E7 /* CopyFiles */ = {
			isa = PBXCopyFilesBuildPhase;
			buildActionMask = 2147483647;
			dstPath = /usr/share/man/man1/;
			dstSubfolderSpec = 0;
			files = (
			);
			runOnlyForDeploymentPostprocessing = 1;
		};
/* End PBXCopyFilesBuildPhase section */

/* Begin PBXFileReference section */
		4F32EBD31F8C81CA00FD6DE1 /* XUdp.cpp */ = {isa = PBXFileReference; fileEncoding = 4; lastKnownFileType = sourcecode.cpp.cpp; path = XUdp.cpp; sourceTree = "<group>"; };
		4F32EBD41F8C81CA00FD6DE1 /* XUdp.hpp */ = {isa = PBXFileReference; fileEncoding = 4; lastKnownFileType = sourcecode.cpp.h; path = XUdp.hpp; sourceTree = "<group>"; };
		4F4BEA651F720602008B74E7 /* xsocket */ = {isa = PBXFileReference; explicitFileType = "compiled.mach-o.executable"; includeInIndex = 0; path = xsocket; sourceTree = BUILT_PRODUCTS_DIR; };
		4F4BEA6F1F72063E008B74E7 /* tcpThread.cpp */ = {isa = PBXFileReference; fileEncoding = 4; lastKnownFileType = sourcecode.cpp.cpp; path = tcpThread.cpp; sourceTree = "<group>"; };
		4F4BEA701F72063E008B74E7 /* tcpThread.hpp */ = {isa = PBXFileReference; fileEncoding = 4; lastKnownFileType = sourcecode.cpp.h; path = tcpThread.hpp; sourceTree = "<group>"; };
		4F4BEA711F72063E008B74E7 /* XTcp.cpp */ = {isa = PBXFileReference; fileEncoding = 4; lastKnownFileType = sourcecode.cpp.cpp; path = XTcp.cpp; sourceTree = "<group>"; };
		4F4BEA721F72063E008B74E7 /* XTcp.hpp */ = {isa = PBXFileReference; fileEncoding = 4; lastKnownFileType = sourcecode.cpp.h; path = XTcp.hpp; sourceTree = "<group>"; };
		4F4BEA751F7206C4008B74E7 /* makefile */ = {isa = PBXFileReference; lastKnownFileType = sourcecode.make; path = makefile; sourceTree = "<group>"; };
/* End PBXFileReference section */

/* Begin PBXFrameworksBuildPhase section */
		4F4BEA621F720602008B74E7 /* Frameworks */ = {
			isa = PBXFrameworksBuildPhase;
			buildActionMask = 2147483647;
			files = (
			);
			runOnlyForDeploymentPostprocessing = 0;
		};
/* End PBXFrameworksBuildPhase section */

/* Begin PBXGroup section */
		4F4BEA5C1F720602008B74E7 = {
			isa = PBXGroup;
			children = (
				4F4BEA671F720602008B74E7 /* xsocket */,
				4F4BEA661F720602008B74E7 /* Products */,
			);
			sourceTree = "<group>";
		};
		4F4BEA661F720602008B74E7 /* Products */ = {
			isa = PBXGroup;
			children = (
				4F4BEA651F720602008B74E7 /* xsocket */,
			);
			name = Products;
			sourceTree = "<group>";
		};
		4F4BEA671F720602008B74E7 /* xsocket */ = {
			isa = PBXGroup;
			children = (
				4F4BEA6F1F72063E008B74E7 /* tcpThread.cpp */,
				4F4BEA701F72063E008B74E7 /* tcpThread.hpp */,
				4F4BEA711F72063E008B74E7 /* XTcp.cpp */,
				4F4BEA721F72063E008B74E7 /* XTcp.hpp */,
				4F4BEA751F7206C4008B74E7 /* makefile */,
				4F32EBD31F8C81CA00FD6DE1 /* XUdp.cpp */,
				4F32EBD41F8C81CA00FD6DE1 /* XUdp.hpp */,
			);
			path = xsocket;
			sourceTree = "<group>";
		};
/* End PBXGroup section */

/* Begin PBXNativeTarget section */
		4F4BEA641F720602008B74E7 /* xsocket */ = {
			isa = PBXNativeTarget;
			buildConfigurationList = 4F4BEA6C1F720602008B74E7 /* Build configuration list for PBXNativeTarget "xsocket" */;
			buildPhases = (
				4F4BEA611F720602008B74E7 /* Sources */,
				4F4BEA621F720602008B74E7 /* Frameworks */,
				4F4BEA631F720602008B74E7 /* CopyFiles */,
			);
			buildRules = (
			);
			dependencies = (
			);
			name = xsocket;
			productName = xsocket;
			productReference = 4F4BEA651F720602008B74E7 /* xsocket */;
			productType = "com.apple.product-type.tool";
		};
/* End PBXNativeTarget section */

/* Begin PBXProject section */
		4F4BEA5D1F720602008B74E7 /* Project object */ = {
			isa = PBXProject;
			attributes = {
				LastUpgradeCheck = 0810;
				ORGANIZATIONNAME = tangwei;
				TargetAttributes = {
					4F4BEA641F720602008B74E7 = {
						CreatedOnToolsVersion = 8.1;
						ProvisioningStyle = Automatic;
					};
				};
			};
			buildConfigurationList = 4F4BEA601F720602008B74E7 /* Build configuration list for PBXProject "xsocket" */;
			compatibilityVersion = "Xcode 3.2";
			developmentRegion = English;
			hasScannedForEncodings = 0;
			knownRegions = (
				en,
			);
			mainGroup = 4F4BEA5C1F720602008B74E7;
			productRefGroup = 4F4BEA661F720602008B74E7 /* Products */;
			projectDirPath = "";
			projectRoot = "";
			targets = (
				4F4BEA641F720602008B74E7 /* xsocket */,
			);
		};
/* End PBXProject section */

/* Begin PBXSourcesBuildPhase section */
		4F4BEA611F720602008B74E7 /* Sources */ = {
			isa = PBXSourcesBuildPhase;
			buildActionMask = 2147483647;
			files = (
				4F32EBD51F8C81CA00FD6DE1 /* XUdp.cpp in Sources */,
			);
			runOnlyForDeploymentPostprocessing = 0;
		};
/* End PBXSourcesBuildPhase section */

/* Begin XCBuildConfiguration section */
		4F4BEA6A1F720602008B74E7 /* Debug */ = {
			isa = XCBuildConfiguration;
			buildSettings = {
				ALWAYS_SEARCH_USER_PATHS = NO;
				CLANG_ANALYZER_NONNULL = YES;
				CLANG_CXX_LANGUAGE_STANDARD = "gnu++0x";
				CLANG_CXX_LIBRARY = "libc++";
				CLANG_ENABLE_MODULES = YES;
				CLANG_ENABLE_OBJC_ARC = YES;
				CLANG_WARN_BOOL_CONVERSION = YES;
				CLANG_WARN_CONSTANT_CONVERSION = YES;
				CLANG_WARN_DIRECT_OBJC_ISA_USAGE = YES_ERROR;
				CLANG_WARN_DOCUMENTATION_COMMENTS = YES;
				CLANG_WARN_EMPTY_BODY = YES;
				CLANG_WARN_ENUM_CONVERSION = YES;
				CLANG_WARN_INFINITE_RECURSION = YES;
				CLANG_WARN_INT_CONVERSION = YES;
				CLANG_WARN_OBJC_ROOT_CLASS = YES_ERROR;
				CLANG_WARN_SUSPICIOUS_MOVES = YES;
				CLANG_WARN_UNREACHABLE_CODE = YES;
				CLANG_WARN__DUPLICATE_METHOD_MATCH = YES;
				CODE_SIGN_IDENTITY = "-";
				COPY_PHASE_STRIP = NO;
				DEBUG_INFORMATION_FORMAT = dwarf;
				ENABLE_STRICT_OBJC_MSGSEND = YES;
				ENABLE_TESTABILITY = YES;
				GCC_C_LANGUAGE_STANDARD = gnu99;
				GCC_DYNAMIC_NO_PIC = NO;
				GCC_NO_COMMON_BLOCKS = YES;
				GCC_OPTIMIZATION_LEVEL = 0;
				GCC_PREPROCESSOR_DEFINITIONS = (
					"DEBUG=1",
					"$(inherited)",
				);
				GCC_WARN_64_TO_32_BIT_CONVERSION = YES;
				GCC_WARN_ABOUT_RETURN_TYPE = YES_ERROR;
				GCC_WARN_UNDECLARED_SELECTOR = YES;
				GCC_WARN_UNINITIALIZED_AUTOS = YES_AGGRESSIVE;
				GCC_WARN_UNUSED_FUNCTION = YES;
				GCC_WARN_UNUSED_VARIABLE = YES;
				MACOSX_DEPLOYMENT_TARGET = 10.11;
				MTL_ENABLE_DEBUG_INFO = YES;
				ONLY_ACTIVE_ARCH = YES;
				SDKROOT = macosx;
			};
			name = Debug;
		};
		4F4BEA6B1F720602008B74E7 /* Release */ = {
			isa = XCBuildConfiguration;
			buildSettings = {
				ALWAYS_SEARCH_USER_PATHS = NO;
				CLANG_ANALYZER_NONNULL = YES;
				CLANG_CXX_LANGUAGE_STANDARD = "gnu++0x";
				CLANG_CXX_LIBRARY = "libc++";
				CLANG_ENABLE_MODULES = YES;
				CLANG_ENABLE_OBJC_ARC = YES;
				CLANG_WARN_BOOL_CONVERSION = YES;
				CLANG_WARN_CONSTANT_CONVERSION = YES;
				CLANG_WARN_DIRECT_OBJC_ISA_USAGE = YES_ERROR;
				CLANG_WARN_DOCUMENTATION_COMMENTS = YES;
				CLANG_WARN_EMPTY_BODY = YES;
				CLANG_WARN_ENUM_CONVERSION = YES;
				CLANG_WARN_INFINITE_RECURSION = YES;
				CLANG_WARN_INT_CONVERSION = YES;
				CLANG_WARN_OBJC_ROOT_CLASS = YES_ERROR;
				CLANG_WARN_SUSPICIOUS_MOVES = YES;
				CLANG_WARN_UNREACHABLE_CODE = YES;
				CLANG_WARN__DUPLICATE_METHOD_MATCH = YES;
				CODE_SIGN_IDENTITY = "-";
				COPY_PHASE_STRIP = NO;
				DEBUG_INFORMATION_FORMAT = "dwarf-with-dsym";
				ENABLE_NS_ASSERTIONS = NO;
				ENABLE_STRICT_OBJC_MSGSEND = YES;
				GCC_C_LANGUAGE_STANDARD = gnu99;
				GCC_NO_COMMON_BLOCKS = YES;
				GCC_WARN_64_TO_32_BIT_CONVERSION = YES;
				GCC_WARN_ABOUT_RETURN_TYPE = YES_ERROR;
				GCC_WARN_UNDECLARED_SELECTOR = YES;
				GCC_WARN_UNINITIALIZED_AUTOS = YES_AGGRESSIVE;
				GCC_WARN_UNUSED_FUNCTION = YES;
				GCC_WARN_UNUSED_VARIABLE = YES;
				MACOSX_DEPLOYMENT_TARGET = 10.11;
				MTL_ENABLE_DEBUG_INFO = NO;
				SDKROOT = macosx;
			};
			name = Release;
		};
		4F4BEA6D1F720602008B74E7 /* Debug */ = {
			isa = XCBuildConfiguration;
			buildSettings = {
				PRODUCT_NAME = "$(TARGET_NAME)";
			};
			name = Debug;
		};
		4F4BEA6E1F720602008B74E7 /* Release */ = {
			isa = XCBuildConfiguration;
			buildSettings = {
				PRODUCT_NAME = "$(TARGET_NAME)";
			};
			name = Release;
		};
/* End XCBuildConfiguration section */

/* Begin XCConfigurationList section */
		4F4BEA601F720602008B74E7 /* Build configuration list for PBXProject "xsocket" */ = {
			isa = XCConfigurationList;
			buildConfigurations = (
				4F4BEA6A1F720602008B74E7 /* Debug */,
				4F4BEA6B1F720602008B74E7 /* Release */,
			);
			defaultConfigurationIsVisible = 0;
			defaultConfigurationName = Release;
		};
		4F4BEA6C1F720602008B74E7 /* Build configuration list for PBXNativeTarget "xsocket" */ = {
			isa = XCConfigurationList;
			buildConfigurations = (
				4F4BEA6D1F720602008B74E7 /* Debug */,
				4F4BEA6E1F720602008B74E7 /* Release */,
			);
			defaultConfigurationIsVisible = 0;
			defaultConfigurationName = Release;
		};
/* End XCConfigurationList section */
	};
	rootObject = 4F4BEA5D1F720602008B74E7 /* Project object */;
}
