// !$*UTF8*$!
{
	archiveVersion = 1;
	classes = {
	};
	objectVersion = 46;
	objects = {

/* Begin PBXBuildFile section */
		4F32EB801F88B4A300FD6DE1 /* test.cpp in Sources */ = {isa = PBXBuildFile; fileRef = 4F32EB331F7A2F8900FD6DE1 /* test.cpp */; };
/* End PBXBuildFile section */

/* Begin PBXCopyFilesBuildPhase section */
		4F4BEA7D1F720C80008B74E7 /* CopyFiles */ = {
			isa = PBXCopyFilesBuildPhase;
			buildActionMask = 2147483647;
			dstPath = /usr/share/man/man1/;
			dstSubfolderSpec = 0;
			files = (
			);
			runOnlyForDeploymentPostprocessing = 1;
		};
/* End PBXCopyFilesBuildPhase section */

/* Begin PBXFileReference section */
		4F32EAFF1F727F1600FD6DE1 /* makefile */ = {isa = PBXFileReference; fileEncoding = 4; lastKnownFileType = sourcecode.make; name = makefile; path = ../xsocket/xsocket/makefile; sourceTree = "<group>"; };
		4F32EB001F727F1600FD6DE1 /* tcpThread.cpp */ = {isa = PBXFileReference; fileEncoding = 4; lastKnownFileType = sourcecode.cpp.cpp; name = tcpThread.cpp; path = ../xsocket/xsocket/tcpThread.cpp; sourceTree = "<group>"; };
		4F32EB011F727F1600FD6DE1 /* tcpThread.hpp */ = {isa = PBXFileReference; fileEncoding = 4; lastKnownFileType = sourcecode.cpp.h; name = tcpThread.hpp; path = ../xsocket/xsocket/tcpThread.hpp; sourceTree = "<group>"; };
		4F32EB031F727F1600FD6DE1 /* XTcp.cpp */ = {isa = PBXFileReference; fileEncoding = 4; lastKnownFileType = sourcecode.cpp.cpp; name = XTcp.cpp; path = ../xsocket/xsocket/XTcp.cpp; sourceTree = "<group>"; };
		4F32EB041F727F1600FD6DE1 /* XTcp.hpp */ = {isa = PBXFileReference; fileEncoding = 4; lastKnownFileType = sourcecode.cpp.h; name = XTcp.hpp; path = ../xsocket/xsocket/XTcp.hpp; sourceTree = "<group>"; };
		4F32EB2A1F79ECC400FD6DE1 /* index.html */ = {isa = PBXFileReference; fileEncoding = 4; lastKnownFileType = text.html; path = index.html; sourceTree = "<group>"; };
		4F32EB2B1F79EF4500FD6DE1 /* test.html */ = {isa = PBXFileReference; fileEncoding = 4; lastKnownFileType = text.html; path = test.html; sourceTree = "<group>"; };
		4F32EB331F7A2F8900FD6DE1 /* test.cpp */ = {isa = PBXFileReference; fileEncoding = 4; lastKnownFileType = sourcecode.cpp.cpp; path = test.cpp; sourceTree = "<group>"; };
		4F4BEA7F1F720C80008B74E7 /* tcpserver */ = {isa = PBXFileReference; explicitFileType = "compiled.mach-o.executable"; includeInIndex = 0; path = tcpserver; sourceTree = BUILT_PRODUCTS_DIR; };
		4F4BEA821F720C80008B74E7 /* main.cpp */ = {isa = PBXFileReference; lastKnownFileType = sourcecode.cpp.cpp; path = main.cpp; sourceTree = "<group>"; };
		4F4BEAD21F72347E008B74E7 /* makefile */ = {isa = PBXFileReference; fileEncoding = 4; lastKnownFileType = sourcecode.make; path = makefile; sourceTree = "<group>"; };
/* End PBXFileReference section */

/* Begin PBXFrameworksBuildPhase section */
		4F4BEA7C1F720C80008B74E7 /* Frameworks */ = {
			isa = PBXFrameworksBuildPhase;
			buildActionMask = 2147483647;
			files = (
			);
			runOnlyForDeploymentPostprocessing = 0;
		};
/* End PBXFrameworksBuildPhase section */

/* Begin PBXGroup section */
		4F32EAFD1F727EFC00FD6DE1 /* xsocket */ = {
			isa = PBXGroup;
			children = (
				4F32EAFF1F727F1600FD6DE1 /* makefile */,
				4F32EB001F727F1600FD6DE1 /* tcpThread.cpp */,
				4F32EB011F727F1600FD6DE1 /* tcpThread.hpp */,
				4F32EB031F727F1600FD6DE1 /* XTcp.cpp */,
				4F32EB041F727F1600FD6DE1 /* XTcp.hpp */,
			);
			name = xsocket;
			sourceTree = "<group>";
		};
		4F32EB291F79EC8E00FD6DE1 /* www */ = {
			isa = PBXGroup;
			children = (
				4F32EB2A1F79ECC400FD6DE1 /* index.html */,
				4F32EB2B1F79EF4500FD6DE1 /* test.html */,
			);
			path = www;
			sourceTree = "<group>";
		};
		4F4BEA761F720C80008B74E7 = {
			isa = PBXGroup;
			children = (
				4F32EAFD1F727EFC00FD6DE1 /* xsocket */,
				4F4BEA811F720C80008B74E7 /* tcpserver */,
				4F4BEA801F720C80008B74E7 /* Products */,
			);
			sourceTree = "<group>";
		};
		4F4BEA801F720C80008B74E7 /* Products */ = {
			isa = PBXGroup;
			children = (
				4F4BEA7F1F720C80008B74E7 /* tcpserver */,
			);
			name = Products;
			sourceTree = "<group>";
		};
		4F4BEA811F720C80008B74E7 /* tcpserver */ = {
			isa = PBXGroup;
			children = (
				4F32EB291F79EC8E00FD6DE1 /* www */,
				4F4BEA821F720C80008B74E7 /* main.cpp */,
				4F4BEAD21F72347E008B74E7 /* makefile */,
				4F32EB331F7A2F8900FD6DE1 /* test.cpp */,
			);
			path = tcpserver;
			sourceTree = "<group>";
		};
/* End PBXGroup section */

/* Begin PBXNativeTarget section */
		4F4BEA7E1F720C80008B74E7 /* tcpserver */ = {
			isa = PBXNativeTarget;
			buildConfigurationList = 4F4BEA861F720C80008B74E7 /* Build configuration list for PBXNativeTarget "tcpserver" */;
			buildPhases = (
				4F4BEA7B1F720C80008B74E7 /* Sources */,
				4F4BEA7C1F720C80008B74E7 /* Frameworks */,
				4F4BEA7D1F720C80008B74E7 /* CopyFiles */,
			);
			buildRules = (
			);
			dependencies = (
			);
			name = tcpserver;
			productName = tcpserver;
			productReference = 4F4BEA7F1F720C80008B74E7 /* tcpserver */;
			productType = "com.apple.product-type.tool";
		};
/* End PBXNativeTarget section */

/* Begin PBXProject section */
		4F4BEA771F720C80008B74E7 /* Project object */ = {
			isa = PBXProject;
			attributes = {
				LastUpgradeCheck = 0810;
				ORGANIZATIONNAME = tangwei;
				TargetAttributes = {
					4F4BEA7E1F720C80008B74E7 = {
						CreatedOnToolsVersion = 8.1;
						ProvisioningStyle = Automatic;
					};
				};
			};
			buildConfigurationList = 4F4BEA7A1F720C80008B74E7 /* Build configuration list for PBXProject "tcpserver" */;
			compatibilityVersion = "Xcode 3.2";
			developmentRegion = English;
			hasScannedForEncodings = 0;
			knownRegions = (
				en,
			);
			mainGroup = 4F4BEA761F720C80008B74E7;
			productRefGroup = 4F4BEA801F720C80008B74E7 /* Products */;
			projectDirPath = "";
			projectRoot = "";
			targets = (
				4F4BEA7E1F720C80008B74E7 /* tcpserver */,
			);
		};
/* End PBXProject section */

/* Begin PBXSourcesBuildPhase section */
		4F4BEA7B1F720C80008B74E7 /* Sources */ = {
			isa = PBXSourcesBuildPhase;
			buildActionMask = 2147483647;
			files = (
				4F32EB801F88B4A300FD6DE1 /* test.cpp in Sources */,
			);
			runOnlyForDeploymentPostprocessing = 0;
		};
/* End PBXSourcesBuildPhase section */

/* Begin XCBuildConfiguration section */
		4F4BEA841F720C80008B74E7 /* Debug */ = {
			isa = XCBuildConfiguration;
			buildSettings = {
				ALWAYS_SEARCH_USER_PATHS = NO;
				CLANG_ANALYZER_NONNULL = YES;
				CLANG_CXX_LANGUAGE_STANDARD = "gnu++0x";
				CLANG_CXX_LIBRARY = "libc++";
				CLANG_ENABLE_MODULES = YES;
				CLANG_ENABLE_OBJC_ARC = YES;
				CLANG_WARN_BOOL_CONVERSION = YES;
				CLANG_WARN_CONSTANT_CONVERSION = YES;
				CLANG_WARN_DIRECT_OBJC_ISA_USAGE = YES_ERROR;
				CLANG_WARN_DOCUMENTATION_COMMENTS = YES;
				CLANG_WARN_EMPTY_BODY = YES;
				CLANG_WARN_ENUM_CONVERSION = YES;
				CLANG_WARN_INFINITE_RECURSION = YES;
				CLANG_WARN_INT_CONVERSION = YES;
				CLANG_WARN_OBJC_ROOT_CLASS = YES_ERROR;
				CLANG_WARN_SUSPICIOUS_MOVES = YES;
				CLANG_WARN_UNREACHABLE_CODE = YES;
				CLANG_WARN__DUPLICATE_METHOD_MATCH = YES;
				CODE_SIGN_IDENTITY = "-";
				COPY_PHASE_STRIP = NO;
				DEBUG_INFORMATION_FORMAT = dwarf;
				ENABLE_STRICT_OBJC_MSGSEND = YES;
				ENABLE_TESTABILITY = YES;
				GCC_C_LANGUAGE_STANDARD = gnu99;
				GCC_DYNAMIC_NO_PIC = NO;
				GCC_NO_COMMON_BLOCKS = YES;
				GCC_OPTIMIZATION_LEVEL = 0;
				GCC_PREPROCESSOR_DEFINITIONS = (
					"DEBUG=1",
					"$(inherited)",
				);
				GCC_WARN_64_TO_32_BIT_CONVERSION = YES;
				GCC_WARN_ABOUT_RETURN_TYPE = YES_ERROR;
				GCC_WARN_UNDECLARED_SELECTOR = YES;
				GCC_WARN_UNINITIALIZED_AUTOS = YES_AGGRESSIVE;
				GCC_WARN_UNUSED_FUNCTION = YES;
				GCC_WARN_UNUSED_VARIABLE = YES;
				MACOSX_DEPLOYMENT_TARGET = 10.11;
				MTL_ENABLE_DEBUG_INFO = YES;
				ONLY_ACTIVE_ARCH = YES;
				SDKROOT = macosx;
			};
			name = Debug;
		};
		4F4BEA851F720C80008B74E7 /* Release */ = {
			isa = XCBuildConfiguration;
			buildSettings = {
				ALWAYS_SEARCH_USER_PATHS = NO;
				CLANG_ANALYZER_NONNULL = YES;
				CLANG_CXX_LANGUAGE_STANDARD = "gnu++0x";
				CLANG_CXX_LIBRARY = "libc++";
				CLANG_ENABLE_MODULES = YES;
				CLANG_ENABLE_OBJC_ARC = YES;
				CLANG_WARN_BOOL_CONVERSION = YES;
				CLANG_WARN_CONSTANT_CONVERSION = YES;
				CLANG_WARN_DIRECT_OBJC_ISA_USAGE = YES_ERROR;
				CLANG_WARN_DOCUMENTATION_COMMENTS = YES;
				CLANG_WARN_EMPTY_BODY = YES;
				CLANG_WARN_ENUM_CONVERSION = YES;
				CLANG_WARN_INFINITE_RECURSION = YES;
				CLANG_WARN_INT_CONVERSION = YES;
				CLANG_WARN_OBJC_ROOT_CLASS = YES_ERROR;
				CLANG_WARN_SUSPICIOUS_MOVES = YES;
				CLANG_WARN_UNREACHABLE_CODE = YES;
				CLANG_WARN__DUPLICATE_METHOD_MATCH = YES;
				CODE_SIGN_IDENTITY = "-";
				COPY_PHASE_STRIP = NO;
				DEBUG_INFORMATION_FORMAT = "dwarf-with-dsym";
				ENABLE_NS_ASSERTIONS = NO;
				ENABLE_STRICT_OBJC_MSGSEND = YES;
				GCC_C_LANGUAGE_STANDARD = gnu99;
				GCC_NO_COMMON_BLOCKS = YES;
				GCC_WARN_64_TO_32_BIT_CONVERSION = YES;
				GCC_WARN_ABOUT_RETURN_TYPE = YES_ERROR;
				GCC_WARN_UNDECLARED_SELECTOR = YES;
				GCC_WARN_UNINITIALIZED_AUTOS = YES_AGGRESSIVE;
				GCC_WARN_UNUSED_FUNCTION = YES;
				GCC_WARN_UNUSED_VARIABLE = YES;
				MACOSX_DEPLOYMENT_TARGET = 10.11;
				MTL_ENABLE_DEBUG_INFO = NO;
				SDKROOT = macosx;
			};
			name = Release;
		};
		4F4BEA871F720C80008B74E7 /* Debug */ = {
			isa = XCBuildConfiguration;
			buildSettings = {
				HEADER_SEARCH_PATHS = "";
				LIBRARY_SEARCH_PATHS = "";
				PRODUCT_NAME = "$(TARGET_NAME)";
			};
			name = Debug;
		};
		4F4BEA881F720C80008B74E7 /* Release */ = {
			isa = XCBuildConfiguration;
			buildSettings = {
				HEADER_SEARCH_PATHS = "";
				LIBRARY_SEARCH_PATHS = "";
				PRODUCT_NAME = "$(TARGET_NAME)";
			};
			name = Release;
		};
/* End XCBuildConfiguration section */

/* Begin XCConfigurationList section */
		4F4BEA7A1F720C80008B74E7 /* Build configuration list for PBXProject "tcpserver" */ = {
			isa = XCConfigurationList;
			buildConfigurations = (
				4F4BEA841F720C80008B74E7 /* Debug */,
				4F4BEA851F720C80008B74E7 /* Release */,
			);
			defaultConfigurationIsVisible = 0;
			defaultConfigurationName = Release;
		};
		4F4BEA861F720C80008B74E7 /* Build configuration list for PBXNativeTarget "tcpserver" */ = {
			isa = XCConfigurationList;
			buildConfigurations = (
				4F4BEA871F720C80008B74E7 /* Debug */,
				4F4BEA881F720C80008B74E7 /* Release */,
			);
			defaultConfigurationIsVisible = 0;
			defaultConfigurationName = Release;
		};
/* End XCConfigurationList section */
	};
	rootObject = 4F4BEA771F720C80008B74E7 /* Project object */;
}
