// !$*UTF8*$!
{
	archiveVersion = 1;
	classes = {
	};
	objectVersion = 46;
	objects = {

/* Begin PBXBuildFile section */
		4F30BE721FBE83BE0034642C /* main.cpp in Sources */ = {isa = PBXBuildFile; fileRef = 4F30BE711FBE83BE0034642C /* main.cpp */; };
		4FB225341FCBE62800239DE2 /* XMedioEncode.cpp in Sources */ = {isa = PBXBuildFile; fileRef = 4FB225301FCBE62800239DE2 /* XMedioEncode.cpp */; };
		4FB225351FCBE62800239DE2 /* XRtmp.cpp in Sources */ = {isa = PBXBuildFile; fileRef = 4FB225321FCBE62800239DE2 /* XRtmp.cpp */; };
/* End PBXBuildFile section */

/* Begin PBXCopyFilesBuildPhase section */
		4F30BE6C1FBE83BE0034642C /* CopyFiles */ = {
			isa = PBXCopyFilesBuildPhase;
			buildActionMask = 2147483647;
			dstPath = /usr/share/man/man1/;
			dstSubfolderSpec = 0;
			files = (
			);
			runOnlyForDeploymentPostprocessing = 1;
		};
/* End PBXCopyFilesBuildPhase section */

/* Begin PBXFileReference section */
		4F30BE6E1FBE83BE0034642C /* audio_to_rtmp */ = {isa = PBXFileReference; explicitFileType = "compiled.mach-o.executable"; includeInIndex = 0; path = audio_to_rtmp; sourceTree = BUILT_PRODUCTS_DIR; };
		4F30BE711FBE83BE0034642C /* main.cpp */ = {isa = PBXFileReference; lastKnownFileType = sourcecode.cpp.cpp; path = main.cpp; sourceTree = "<group>"; };
		4FB225301FCBE62800239DE2 /* XMedioEncode.cpp */ = {isa = PBXFileReference; fileEncoding = 4; lastKnownFileType = sourcecode.cpp.cpp; path = XMedioEncode.cpp; sourceTree = "<group>"; };
		4FB225311FCBE62800239DE2 /* XMedioEncode.hpp */ = {isa = PBXFileReference; fileEncoding = 4; lastKnownFileType = sourcecode.cpp.h; path = XMedioEncode.hpp; sourceTree = "<group>"; };
		4FB225321FCBE62800239DE2 /* XRtmp.cpp */ = {isa = PBXFileReference; fileEncoding = 4; lastKnownFileType = sourcecode.cpp.cpp; path = XRtmp.cpp; sourceTree = "<group>"; };
		4FB225331FCBE62800239DE2 /* XRtmp.hpp */ = {isa = PBXFileReference; fileEncoding = 4; lastKnownFileType = sourcecode.cpp.h; path = XRtmp.hpp; sourceTree = "<group>"; };
/* End PBXFileReference section */

/* Begin PBXFrameworksBuildPhase section */
		4F30BE6B1FBE83BE0034642C /* Frameworks */ = {
			isa = PBXFrameworksBuildPhase;
			buildActionMask = 2147483647;
			files = (
			);
			runOnlyForDeploymentPostprocessing = 0;
		};
/* End PBXFrameworksBuildPhase section */

/* Begin PBXGroup section */
		4F30BE651FBE83BE0034642C = {
			isa = PBXGroup;
			children = (
				4F30BE701FBE83BE0034642C /* audio_to_rtmp */,
				4F30BE6F1FBE83BE0034642C /* Products */,
			);
			sourceTree = "<group>";
		};
		4F30BE6F1FBE83BE0034642C /* Products */ = {
			isa = PBXGroup;
			children = (
				4F30BE6E1FBE83BE0034642C /* audio_to_rtmp */,
			);
			name = Products;
			sourceTree = "<group>";
		};
		4F30BE701FBE83BE0034642C /* audio_to_rtmp */ = {
			isa = PBXGroup;
			children = (
				4F30BE711FBE83BE0034642C /* main.cpp */,
				4FB225301FCBE62800239DE2 /* XMedioEncode.cpp */,
				4FB225311FCBE62800239DE2 /* XMedioEncode.hpp */,
				4FB225321FCBE62800239DE2 /* XRtmp.cpp */,
				4FB225331FCBE62800239DE2 /* XRtmp.hpp */,
			);
			path = audio_to_rtmp;
			sourceTree = "<group>";
		};
/* End PBXGroup section */

/* Begin PBXNativeTarget section */
		4F30BE6D1FBE83BE0034642C /* audio_to_rtmp */ = {
			isa = PBXNativeTarget;
			buildConfigurationList = 4F30BE751FBE83BE0034642C /* Build configuration list for PBXNativeTarget "audio_to_rtmp" */;
			buildPhases = (
				4F30BE6A1FBE83BE0034642C /* Sources */,
				4F30BE6B1FBE83BE0034642C /* Frameworks */,
				4F30BE6C1FBE83BE0034642C /* CopyFiles */,
			);
			buildRules = (
			);
			dependencies = (
			);
			name = audio_to_rtmp;
			productName = audio_to_rtmp;
			productReference = 4F30BE6E1FBE83BE0034642C /* audio_to_rtmp */;
			productType = "com.apple.product-type.tool";
		};
/* End PBXNativeTarget section */

/* Begin PBXProject section */
		4F30BE661FBE83BE0034642C /* Project object */ = {
			isa = PBXProject;
			attributes = {
				LastUpgradeCheck = 0810;
				ORGANIZATIONNAME = tangwei;
				TargetAttributes = {
					4F30BE6D1FBE83BE0034642C = {
						CreatedOnToolsVersion = 8.1;
						ProvisioningStyle = Automatic;
					};
				};
			};
			buildConfigurationList = 4F30BE691FBE83BE0034642C /* Build configuration list for PBXProject "audio_to_rtmp" */;
			compatibilityVersion = "Xcode 3.2";
			developmentRegion = English;
			hasScannedForEncodings = 0;
			knownRegions = (
				en,
			);
			mainGroup = 4F30BE651FBE83BE0034642C;
			productRefGroup = 4F30BE6F1FBE83BE0034642C /* Products */;
			projectDirPath = "";
			projectRoot = "";
			targets = (
				4F30BE6D1FBE83BE0034642C /* audio_to_rtmp */,
			);
		};
/* End PBXProject section */

/* Begin PBXSourcesBuildPhase section */
		4F30BE6A1FBE83BE0034642C /* Sources */ = {
			isa = PBXSourcesBuildPhase;
			buildActionMask = 2147483647;
			files = (
				4F30BE721FBE83BE0034642C /* main.cpp in Sources */,
				4FB225351FCBE62800239DE2 /* XRtmp.cpp in Sources */,
				4FB225341FCBE62800239DE2 /* XMedioEncode.cpp in Sources */,
			);
			runOnlyForDeploymentPostprocessing = 0;
		};
/* End PBXSourcesBuildPhase section */

/* Begin XCBuildConfiguration section */
		4F30BE731FBE83BE0034642C /* Debug */ = {
			isa = XCBuildConfiguration;
			buildSettings = {
				ALWAYS_SEARCH_USER_PATHS = NO;
				CLANG_ANALYZER_NONNULL = YES;
				CLANG_CXX_LANGUAGE_STANDARD = "gnu++0x";
				CLANG_CXX_LIBRARY = "libc++";
				CLANG_ENABLE_MODULES = YES;
				CLANG_ENABLE_OBJC_ARC = YES;
				CLANG_WARN_BOOL_CONVERSION = YES;
				CLANG_WARN_CONSTANT_CONVERSION = YES;
				CLANG_WARN_DIRECT_OBJC_ISA_USAGE = YES_ERROR;
				CLANG_WARN_DOCUMENTATION_COMMENTS = YES;
				CLANG_WARN_EMPTY_BODY = YES;
				CLANG_WARN_ENUM_CONVERSION = YES;
				CLANG_WARN_INFINITE_RECURSION = YES;
				CLANG_WARN_INT_CONVERSION = YES;
				CLANG_WARN_OBJC_ROOT_CLASS = YES_ERROR;
				CLANG_WARN_SUSPICIOUS_MOVES = YES;
				CLANG_WARN_UNREACHABLE_CODE = YES;
				CLANG_WARN__DUPLICATE_METHOD_MATCH = YES;
				CODE_SIGN_IDENTITY = "-";
				COPY_PHASE_STRIP = NO;
				DEBUG_INFORMATION_FORMAT = dwarf;
				ENABLE_STRICT_OBJC_MSGSEND = YES;
				ENABLE_TESTABILITY = YES;
				GCC_C_LANGUAGE_STANDARD = gnu99;
				GCC_DYNAMIC_NO_PIC = NO;
				GCC_NO_COMMON_BLOCKS = YES;
				GCC_OPTIMIZATION_LEVEL = 0;
				GCC_PREPROCESSOR_DEFINITIONS = (
					"DEBUG=1",
					"$(inherited)",
				);
				GCC_WARN_64_TO_32_BIT_CONVERSION = YES;
				GCC_WARN_ABOUT_RETURN_TYPE = YES_ERROR;
				GCC_WARN_UNDECLARED_SELECTOR = YES;
				GCC_WARN_UNINITIALIZED_AUTOS = YES_AGGRESSIVE;
				GCC_WARN_UNUSED_FUNCTION = YES;
				GCC_WARN_UNUSED_VARIABLE = YES;
				MACOSX_DEPLOYMENT_TARGET = 10.11;
				MTL_ENABLE_DEBUG_INFO = YES;
				ONLY_ACTIVE_ARCH = YES;
				SDKROOT = macosx;
			};
			name = Debug;
		};
		4F30BE741FBE83BE0034642C /* Release */ = {
			isa = XCBuildConfiguration;
			buildSettings = {
				ALWAYS_SEARCH_USER_PATHS = NO;
				CLANG_ANALYZER_NONNULL = YES;
				CLANG_CXX_LANGUAGE_STANDARD = "gnu++0x";
				CLANG_CXX_LIBRARY = "libc++";
				CLANG_ENABLE_MODULES = YES;
				CLANG_ENABLE_OBJC_ARC = YES;
				CLANG_WARN_BOOL_CONVERSION = YES;
				CLANG_WARN_CONSTANT_CONVERSION = YES;
				CLANG_WARN_DIRECT_OBJC_ISA_USAGE = YES_ERROR;
				CLANG_WARN_DOCUMENTATION_COMMENTS = YES;
				CLANG_WARN_EMPTY_BODY = YES;
				CLANG_WARN_ENUM_CONVERSION = YES;
				CLANG_WARN_INFINITE_RECURSION = YES;
				CLANG_WARN_INT_CONVERSION = YES;
				CLANG_WARN_OBJC_ROOT_CLASS = YES_ERROR;
				CLANG_WARN_SUSPICIOUS_MOVES = YES;
				CLANG_WARN_UNREACHABLE_CODE = YES;
				CLANG_WARN__DUPLICATE_METHOD_MATCH = YES;
				CODE_SIGN_IDENTITY = "-";
				COPY_PHASE_STRIP = NO;
				DEBUG_INFORMATION_FORMAT = "dwarf-with-dsym";
				ENABLE_NS_ASSERTIONS = NO;
				ENABLE_STRICT_OBJC_MSGSEND = YES;
				GCC_C_LANGUAGE_STANDARD = gnu99;
				GCC_NO_COMMON_BLOCKS = YES;
				GCC_WARN_64_TO_32_BIT_CONVERSION = YES;
				GCC_WARN_ABOUT_RETURN_TYPE = YES_ERROR;
				GCC_WARN_UNDECLARED_SELECTOR = YES;
				GCC_WARN_UNINITIALIZED_AUTOS = YES_AGGRESSIVE;
				GCC_WARN_UNUSED_FUNCTION = YES;
				GCC_WARN_UNUSED_VARIABLE = YES;
				MACOSX_DEPLOYMENT_TARGET = 10.11;
				MTL_ENABLE_DEBUG_INFO = NO;
				SDKROOT = macosx;
			};
			name = Release;
		};
		4F30BE761FBE83BE0034642C /* Debug */ = {
			isa = XCBuildConfiguration;
			buildSettings = {
				HEADER_SEARCH_PATHS = ../../include;
				LD_RUNPATH_SEARCH_PATHS = /Users/tangwei/Desktop/live/lib;
				LIBRARY_SEARCH_PATHS = ../../lib;
				OTHER_LDFLAGS = (
					"-lQt5Core",
					"-lQt5Network",
					"-lQt5Gui",
					"-lswresample",
					"-lavutil",
					"-lQt5Multimedia",
					"-lavcodec",
					"-lavformat",
					"-lswscale",
					"-lavutil",
				);
				PRODUCT_NAME = "$(TARGET_NAME)";
				USER_HEADER_SEARCH_PATHS = ../../include;
			};
			name = Debug;
		};
		4F30BE771FBE83BE0034642C /* Release */ = {
			isa = XCBuildConfiguration;
			buildSettings = {
				HEADER_SEARCH_PATHS = ../../include;
				LD_RUNPATH_SEARCH_PATHS = /Users/tangwei/Desktop/live/lib;
				LIBRARY_SEARCH_PATHS = ../../lib;
				OTHER_LDFLAGS = (
					"-lQt5Core",
					"-lQt5Network",
					"-lQt5Gui",
					"-lswresample",
					"-lavutil",
					"-lQt5Multimedia",
					"-lavcodec",
					"-lavformat",
					"-lswscale",
					"-lavutil",
				);
				PRODUCT_NAME = "$(TARGET_NAME)";
				USER_HEADER_SEARCH_PATHS = ../../include;
			};
			name = Release;
		};
/* End XCBuildConfiguration section */

/* Begin XCConfigurationList section */
		4F30BE691FBE83BE0034642C /* Build configuration list for PBXProject "audio_to_rtmp" */ = {
			isa = XCConfigurationList;
			buildConfigurations = (
				4F30BE731FBE83BE0034642C /* Debug */,
				4F30BE741FBE83BE0034642C /* Release */,
			);
			defaultConfigurationIsVisible = 0;
			defaultConfigurationName = Release;
		};
		4F30BE751FBE83BE0034642C /* Build configuration list for PBXNativeTarget "audio_to_rtmp" */ = {
			isa = XCConfigurationList;
			buildConfigurations = (
				4F30BE761FBE83BE0034642C /* Debug */,
				4F30BE771FBE83BE0034642C /* Release */,
			);
			defaultConfigurationIsVisible = 0;
			defaultConfigurationName = Release;
		};
/* End XCConfigurationList section */
	};
	rootObject = 4F30BE661FBE83BE0034642C /* Project object */;
}
