// !$*UTF8*$!
{
	archiveVersion = 1;
	classes = {
	};
	objectVersion = 46;
	objects = {

/* Begin PBXBuildFile section */
		4F32EB171F73499300FD6DE1 /* main.cpp in Sources */ = {isa = PBXBuildFile; fileRef = 4F32EB161F73499300FD6DE1 /* main.cpp */; };
		4F32EB241F7349C300FD6DE1 /* tcpThread.cpp in Sources */ = {isa = PBXBuildFile; fileRef = 4F32EB1F1F7349C300FD6DE1 /* tcpThread.cpp */; };
		4F32EB251F7349C300FD6DE1 /* XTcp.cpp in Sources */ = {isa = PBXBuildFile; fileRef = 4F32EB211F7349C300FD6DE1 /* XTcp.cpp */; };
		4F32EB271F74D80400FD6DE1 /* makefile in Sources */ = {isa = PBXBuildFile; fileRef = 4F32EB261F74D80400FD6DE1 /* makefile */; };
/* End PBXBuildFile section */

/* Begin PBXCopyFilesBuildPhase section */
		4F32EB111F73499300FD6DE1 /* CopyFiles */ = {
			isa = PBXCopyFilesBuildPhase;
			buildActionMask = 2147483647;
			dstPath = /usr/share/man/man1/;
			dstSubfolderSpec = 0;
			files = (
			);
			runOnlyForDeploymentPostprocessing = 1;
		};
/* End PBXCopyFilesBuildPhase section */

/* Begin PBXFileReference section */
		4F32EB131F73499300FD6DE1 /* tcpclient */ = {isa = PBXFileReference; explicitFileType = "compiled.mach-o.executable"; includeInIndex = 0; path = tcpclient; sourceTree = BUILT_PRODUCTS_DIR; };
		4F32EB161F73499300FD6DE1 /* main.cpp */ = {isa = PBXFileReference; lastKnownFileType = sourcecode.cpp.cpp; path = main.cpp; sourceTree = "<group>"; };
		4F32EB1E1F7349C300FD6DE1 /* makefile */ = {isa = PBXFileReference; fileEncoding = 4; lastKnownFileType = sourcecode.make; name = makefile; path = ../xsocket/xsocket/makefile; sourceTree = "<group>"; };
		4F32EB1F1F7349C300FD6DE1 /* tcpThread.cpp */ = {isa = PBXFileReference; fileEncoding = 4; lastKnownFileType = sourcecode.cpp.cpp; name = tcpThread.cpp; path = ../xsocket/xsocket/tcpThread.cpp; sourceTree = "<group>"; };
		4F32EB201F7349C300FD6DE1 /* tcpThread.hpp */ = {isa = PBXFileReference; fileEncoding = 4; lastKnownFileType = sourcecode.cpp.h; name = tcpThread.hpp; path = ../xsocket/xsocket/tcpThread.hpp; sourceTree = "<group>"; };
		4F32EB211F7349C300FD6DE1 /* XTcp.cpp */ = {isa = PBXFileReference; fileEncoding = 4; lastKnownFileType = sourcecode.cpp.cpp; name = XTcp.cpp; path = ../xsocket/xsocket/XTcp.cpp; sourceTree = "<group>"; };
		4F32EB221F7349C300FD6DE1 /* XTcp.hpp */ = {isa = PBXFileReference; fileEncoding = 4; lastKnownFileType = sourcecode.cpp.h; name = XTcp.hpp; path = ../xsocket/xsocket/XTcp.hpp; sourceTree = "<group>"; };
		4F32EB261F74D80400FD6DE1 /* makefile */ = {isa = PBXFileReference; fileEncoding = 4; lastKnownFileType = sourcecode.make; path = makefile; sourceTree = "<group>"; };
/* End PBXFileReference section */

/* Begin PBXFrameworksBuildPhase section */
		4F32EB101F73499300FD6DE1 /* Frameworks */ = {
			isa = PBXFrameworksBuildPhase;
			buildActionMask = 2147483647;
			files = (
			);
			runOnlyForDeploymentPostprocessing = 0;
		};
/* End PBXFrameworksBuildPhase section */

/* Begin PBXGroup section */
		4F32EB0A1F73499300FD6DE1 = {
			isa = PBXGroup;
			children = (
				4F32EB1D1F73499800FD6DE1 /* xsocket */,
				4F32EB151F73499300FD6DE1 /* tcpclient */,
				4F32EB141F73499300FD6DE1 /* Products */,
			);
			sourceTree = "<group>";
		};
		4F32EB141F73499300FD6DE1 /* Products */ = {
			isa = PBXGroup;
			children = (
				4F32EB131F73499300FD6DE1 /* tcpclient */,
			);
			name = Products;
			sourceTree = "<group>";
		};
		4F32EB151F73499300FD6DE1 /* tcpclient */ = {
			isa = PBXGroup;
			children = (
				4F32EB161F73499300FD6DE1 /* main.cpp */,
				4F32EB261F74D80400FD6DE1 /* makefile */,
			);
			path = tcpclient;
			sourceTree = "<group>";
		};
		4F32EB1D1F73499800FD6DE1 /* xsocket */ = {
			isa = PBXGroup;
			children = (
				4F32EB1E1F7349C300FD6DE1 /* makefile */,
				4F32EB1F1F7349C300FD6DE1 /* tcpThread.cpp */,
				4F32EB201F7349C300FD6DE1 /* tcpThread.hpp */,
				4F32EB211F7349C300FD6DE1 /* XTcp.cpp */,
				4F32EB221F7349C300FD6DE1 /* XTcp.hpp */,
			);
			name = xsocket;
			sourceTree = "<group>";
		};
/* End PBXGroup section */

/* Begin PBXNativeTarget section */
		4F32EB121F73499300FD6DE1 /* tcpclient */ = {
			isa = PBXNativeTarget;
			buildConfigurationList = 4F32EB1A1F73499300FD6DE1 /* Build configuration list for PBXNativeTarget "tcpclient" */;
			buildPhases = (
				4F32EB0F1F73499300FD6DE1 /* Sources */,
				4F32EB101F73499300FD6DE1 /* Frameworks */,
				4F32EB111F73499300FD6DE1 /* CopyFiles */,
			);
			buildRules = (
			);
			dependencies = (
			);
			name = tcpclient;
			productName = tcpclient;
			productReference = 4F32EB131F73499300FD6DE1 /* tcpclient */;
			productType = "com.apple.product-type.tool";
		};
/* End PBXNativeTarget section */

/* Begin PBXProject section */
		4F32EB0B1F73499300FD6DE1 /* Project object */ = {
			isa = PBXProject;
			attributes = {
				LastUpgradeCheck = 0810;
				ORGANIZATIONNAME = tangwei;
				TargetAttributes = {
					4F32EB121F73499300FD6DE1 = {
						CreatedOnToolsVersion = 8.1;
						ProvisioningStyle = Automatic;
					};
				};
			};
			buildConfigurationList = 4F32EB0E1F73499300FD6DE1 /* Build configuration list for PBXProject "tcpclient" */;
			compatibilityVersion = "Xcode 3.2";
			developmentRegion = English;
			hasScannedForEncodings = 0;
			knownRegions = (
				en,
			);
			mainGroup = 4F32EB0A1F73499300FD6DE1;
			productRefGroup = 4F32EB141F73499300FD6DE1 /* Products */;
			projectDirPath = "";
			projectRoot = "";
			targets = (
				4F32EB121F73499300FD6DE1 /* tcpclient */,
			);
		};
/* End PBXProject section */

/* Begin PBXSourcesBuildPhase section */
		4F32EB0F1F73499300FD6DE1 /* Sources */ = {
			isa = PBXSourcesBuildPhase;
			buildActionMask = 2147483647;
			files = (
				4F32EB251F7349C300FD6DE1 /* XTcp.cpp in Sources */,
				4F32EB241F7349C300FD6DE1 /* tcpThread.cpp in Sources */,
				4F32EB271F74D80400FD6DE1 /* makefile in Sources */,
				4F32EB171F73499300FD6DE1 /* main.cpp in Sources */,
			);
			runOnlyForDeploymentPostprocessing = 0;
		};
/* End PBXSourcesBuildPhase section */

/* Begin XCBuildConfiguration section */
		4F32EB181F73499300FD6DE1 /* Debug */ = {
			isa = XCBuildConfiguration;
			buildSettings = {
				ALWAYS_SEARCH_USER_PATHS = NO;
				CLANG_ANALYZER_NONNULL = YES;
				CLANG_CXX_LANGUAGE_STANDARD = "gnu++0x";
				CLANG_CXX_LIBRARY = "libc++";
				CLANG_ENABLE_MODULES = YES;
				CLANG_ENABLE_OBJC_ARC = YES;
				CLANG_WARN_BOOL_CONVERSION = YES;
				CLANG_WARN_CONSTANT_CONVERSION = YES;
				CLANG_WARN_DIRECT_OBJC_ISA_USAGE = YES_ERROR;
				CLANG_WARN_DOCUMENTATION_COMMENTS = YES;
				CLANG_WARN_EMPTY_BODY = YES;
				CLANG_WARN_ENUM_CONVERSION = YES;
				CLANG_WARN_INFINITE_RECURSION = YES;
				CLANG_WARN_INT_CONVERSION = YES;
				CLANG_WARN_OBJC_ROOT_CLASS = YES_ERROR;
				CLANG_WARN_SUSPICIOUS_MOVES = YES;
				CLANG_WARN_UNREACHABLE_CODE = YES;
				CLANG_WARN__DUPLICATE_METHOD_MATCH = YES;
				CODE_SIGN_IDENTITY = "-";
				COPY_PHASE_STRIP = NO;
				DEBUG_INFORMATION_FORMAT = dwarf;
				ENABLE_STRICT_OBJC_MSGSEND = YES;
				ENABLE_TESTABILITY = YES;
				GCC_C_LANGUAGE_STANDARD = gnu99;
				GCC_DYNAMIC_NO_PIC = NO;
				GCC_NO_COMMON_BLOCKS = YES;
				GCC_OPTIMIZATION_LEVEL = 0;
				GCC_PREPROCESSOR_DEFINITIONS = (
					"DEBUG=1",
					"$(inherited)",
				);
				GCC_WARN_64_TO_32_BIT_CONVERSION = YES;
				GCC_WARN_ABOUT_RETURN_TYPE = YES_ERROR;
				GCC_WARN_UNDECLARED_SELECTOR = YES;
				GCC_WARN_UNINITIALIZED_AUTOS = YES_AGGRESSIVE;
				GCC_WARN_UNUSED_FUNCTION = YES;
				GCC_WARN_UNUSED_VARIABLE = YES;
				MACOSX_DEPLOYMENT_TARGET = 10.11;
				MTL_ENABLE_DEBUG_INFO = YES;
				ONLY_ACTIVE_ARCH = YES;
				SDKROOT = macosx;
			};
			name = Debug;
		};
		4F32EB191F73499300FD6DE1 /* Release */ = {
			isa = XCBuildConfiguration;
			buildSettings = {
				ALWAYS_SEARCH_USER_PATHS = NO;
				CLANG_ANALYZER_NONNULL = YES;
				CLANG_CXX_LANGUAGE_STANDARD = "gnu++0x";
				CLANG_CXX_LIBRARY = "libc++";
				CLANG_ENABLE_MODULES = YES;
				CLANG_ENABLE_OBJC_ARC = YES;
				CLANG_WARN_BOOL_CONVERSION = YES;
				CLANG_WARN_CONSTANT_CONVERSION = YES;
				CLANG_WARN_DIRECT_OBJC_ISA_USAGE = YES_ERROR;
				CLANG_WARN_DOCUMENTATION_COMMENTS = YES;
				CLANG_WARN_EMPTY_BODY = YES;
				CLANG_WARN_ENUM_CONVERSION = YES;
				CLANG_WARN_INFINITE_RECURSION = YES;
				CLANG_WARN_INT_CONVERSION = YES;
				CLANG_WARN_OBJC_ROOT_CLASS = YES_ERROR;
				CLANG_WARN_SUSPICIOUS_MOVES = YES;
				CLANG_WARN_UNREACHABLE_CODE = YES;
				CLANG_WARN__DUPLICATE_METHOD_MATCH = YES;
				CODE_SIGN_IDENTITY = "-";
				COPY_PHASE_STRIP = NO;
				DEBUG_INFORMATION_FORMAT = "dwarf-with-dsym";
				ENABLE_NS_ASSERTIONS = NO;
				ENABLE_STRICT_OBJC_MSGSEND = YES;
				GCC_C_LANGUAGE_STANDARD = gnu99;
				GCC_NO_COMMON_BLOCKS = YES;
				GCC_WARN_64_TO_32_BIT_CONVERSION = YES;
				GCC_WARN_ABOUT_RETURN_TYPE = YES_ERROR;
				GCC_WARN_UNDECLARED_SELECTOR = YES;
				GCC_WARN_UNINITIALIZED_AUTOS = YES_AGGRESSIVE;
				GCC_WARN_UNUSED_FUNCTION = YES;
				GCC_WARN_UNUSED_VARIABLE = YES;
				MACOSX_DEPLOYMENT_TARGET = 10.11;
				MTL_ENABLE_DEBUG_INFO = NO;
				SDKROOT = macosx;
			};
			name = Release;
		};
		4F32EB1B1F73499300FD6DE1 /* Debug */ = {
			isa = XCBuildConfiguration;
			buildSettings = {
				PRODUCT_NAME = "$(TARGET_NAME)";
			};
			name = Debug;
		};
		4F32EB1C1F73499300FD6DE1 /* Release */ = {
			isa = XCBuildConfiguration;
			buildSettings = {
				PRODUCT_NAME = "$(TARGET_NAME)";
			};
			name = Release;
		};
/* End XCBuildConfiguration section */

/* Begin XCConfigurationList section */
		4F32EB0E1F73499300FD6DE1 /* Build configuration list for PBXProject "tcpclient" */ = {
			isa = XCConfigurationList;
			buildConfigurations = (
				4F32EB181F73499300FD6DE1 /* Debug */,
				4F32EB191F73499300FD6DE1 /* Release */,
			);
			defaultConfigurationIsVisible = 0;
			defaultConfigurationName = Release;
		};
		4F32EB1A1F73499300FD6DE1 /* Build configuration list for PBXNativeTarget "tcpclient" */ = {
			isa = XCConfigurationList;
			buildConfigurations = (
				4F32EB1B1F73499300FD6DE1 /* Debug */,
				4F32EB1C1F73499300FD6DE1 /* Release */,
			);
			defaultConfigurationIsVisible = 0;
		};
/* End XCConfigurationList section */
	};
	rootObject = 4F32EB0B1F73499300FD6DE1 /* Project object */;
}
